
Microsoft Visual Studio Solution File, Format Version 12.00
# Visual Studio Version 17
VisualStudioVersion = 17.3.32922.545
MinimumVisualStudioVersion = 10.0.40219.1
Project("{FAE04EC0-301F-11D3-BF4B-00C04F79EFBC}") = "GoodPizza", "GoodPizza\GoodPizza.csproj", "{34300A81-FE2E-40E2-870B-79839F669630}"
EndProject
Global
	GlobalSection(SolutionConfigurationPlatforms) = preSolution
		Debug|Any CPU = Debug|Any CPU
		Release|Any CPU = Release|Any CPU
	EndGlobalSection
	GlobalSection(ProjectConfigurationPlatforms) = postSolution
		{34300A81-FE2E-40E2-870B-79839F669630}.Debug|Any CPU.ActiveCfg = Debug|Any CPU
		{34300A81-FE2E-40E2-870B-79839F669630}.Debug|Any CPU.Build.0 = Debug|Any CPU
		{34300A81-FE2E-40E2-870B-79839F669630}.Release|Any CPU.ActiveCfg = Release|Any CPU
		{34300A81-FE2E-40E2-870B-79839F669630}.Release|Any CPU.Build.0 = Release|Any CPU
	EndGlobalSection
	GlobalSection(SolutionProperties) = preSolution
		HideSolutionNode = FALSE
	EndGlobalSection
	GlobalSection(ExtensibilityGlobals) = postSolution
		SolutionGuid = {F78FC7B3-6F43-412F-A900-3D4F9D0B10A0}
	EndGlobalSection
EndGlobal
